
Microsoft Visual Studio Solution File, Format Version 12.00
# Visual Studio Version 17
VisualStudioVersion = 17.11.35312.102
MinimumVisualStudioVersion = 10.0.40219.1
Project("{FAE04EC0-301F-11D3-BF4B-00C04F79EFBC}") = "Scanner", "Scanner\Scanner.csproj", "{1FA297D3-47E3-4FBA-9157-29A790E5C8C0}"
EndProject
Global
	GlobalSection(SolutionConfigurationPlatforms) = preSolution
		Debug|Any CPU = Debug|Any CPU
		Release|Any CPU = Release|Any CPU
	EndGlobalSection
	GlobalSection(ProjectConfigurationPlatforms) = postSolution
		{1FA297D3-47E3-4FBA-9157-29A790E5C8C0}.Debug|Any CPU.ActiveCfg = Debug|Any CPU
		{1FA297D3-47E3-4FBA-9157-29A790E5C8C0}.Debug|Any CPU.Build.0 = Debug|Any CPU
		{1FA297D3-47E3-4FBA-9157-29A790E5C8C0}.Release|Any CPU.ActiveCfg = Release|Any CPU
		{1FA297D3-47E3-4FBA-9157-29A790E5C8C0}.Release|Any CPU.Build.0 = Release|Any CPU
	EndGlobalSection
	GlobalSection(SolutionProperties) = preSolution
		HideSolutionNode = FALSE
	EndGlobalSection
	GlobalSection(ExtensibilityGlobals) = postSolution
		SolutionGuid = {2326E465-96D4-4EA6-85F2-98E917F513B6}
	EndGlobalSection
EndGlobal
